
Microsoft Visual Studio Solution File, Format Version 12.00
# Visual Studio Version 17
VisualStudioVersion = 17.9.34902.65
MinimumVisualStudioVersion = 10.0.40219.1
Project("{FAE04EC0-301F-11D3-BF4B-00C04F79EFBC}") = "DevCard_MVC", "DevCard_MVC\DevCard_MVC.csproj", "{A821E043-EDA0-4742-978E-6466D2740D2C}"
EndProject
Global
	GlobalSection(SolutionConfigurationPlatforms) = preSolution
		Debug|Any CPU = Debug|Any CPU
		Release|Any CPU = Release|Any CPU
	EndGlobalSection
	GlobalSection(ProjectConfigurationPlatforms) = postSolution
		{A821E043-EDA0-4742-978E-6466D2740D2C}.Debug|Any CPU.ActiveCfg = Debug|Any CPU
		{A821E043-EDA0-4742-978E-6466D2740D2C}.Debug|Any CPU.Build.0 = Debug|Any CPU
		{A821E043-EDA0-4742-978E-6466D2740D2C}.Release|Any CPU.ActiveCfg = Release|Any CPU
		{A821E043-EDA0-4742-978E-6466D2740D2C}.Release|Any CPU.Build.0 = Release|Any CPU
	EndGlobalSection
	GlobalSection(SolutionProperties) = preSolution
		HideSolutionNode = FALSE
	EndGlobalSection
	GlobalSection(ExtensibilityGlobals) = postSolution
		SolutionGuid = {ABBEEBB3-0595-4D8D-9C57-1952CA59A1B1}
	EndGlobalSection
EndGlobal
